
Microsoft Visual Studio Solution File, Format Version 12.00
# Visual Studio Version 16
VisualStudioVersion = 25.0.1705.4
MinimumVisualStudioVersion = 10.0.40219.1
Project("{FAE04EC0-301F-11D3-BF4B-00C04F79EFBC}") = "ambitio-banking", "ambitio-banking\ambitio-banking.csproj", "{7C52E42C-6175-4C37-9A6B-47EE2DB4A67A}"
EndProject
Global
	GlobalSection(SolutionConfigurationPlatforms) = preSolution
		Debug|Any CPU = Debug|Any CPU
		Release|Any CPU = Release|Any CPU
	EndGlobalSection
	GlobalSection(ProjectConfigurationPlatforms) = postSolution
		{7C52E42C-6175-4C37-9A6B-47EE2DB4A67A}.Debug|Any CPU.ActiveCfg = Debug|Any CPU
		{7C52E42C-6175-4C37-9A6B-47EE2DB4A67A}.Debug|Any CPU.Build.0 = Debug|Any CPU
		{7C52E42C-6175-4C37-9A6B-47EE2DB4A67A}.Release|Any CPU.ActiveCfg = Release|Any CPU
		{7C52E42C-6175-4C37-9A6B-47EE2DB4A67A}.Release|Any CPU.Build.0 = Release|Any CPU
	EndGlobalSection
	GlobalSection(SolutionProperties) = preSolution
		HideSolutionNode = FALSE
	EndGlobalSection
	GlobalSection(ExtensibilityGlobals) = postSolution
		SolutionGuid = {0065555B-1118-4C9A-828B-8EC02B5E40B0}
	EndGlobalSection
EndGlobal
